
Microsoft Visual Studio Solution File, Format Version 12.00
# Visual Studio 15
VisualStudioVersion = 15.0.28010.2050
MinimumVisualStudioVersion = 10.0.40219.1
Project("{FAE04EC0-301F-11D3-BF4B-00C04F79EFBC}") = "Faculty", "Faculty\Faculty.csproj", "{ABAB744F-FDEE-44D5-9677-39EDB4E0E49C}"
EndProject
Global
	GlobalSection(SolutionConfigurationPlatforms) = preSolution
		Debug|Any CPU = Debug|Any CPU
		Release|Any CPU = Release|Any CPU
	EndGlobalSection
	GlobalSection(ProjectConfigurationPlatforms) = postSolution
		{ABAB744F-FDEE-44D5-9677-39EDB4E0E49C}.Debug|Any CPU.ActiveCfg = Debug|Any CPU
		{ABAB744F-FDEE-44D5-9677-39EDB4E0E49C}.Debug|Any CPU.Build.0 = Debug|Any CPU
		{ABAB744F-FDEE-44D5-9677-39EDB4E0E49C}.Release|Any CPU.ActiveCfg = Release|Any CPU
		{ABAB744F-FDEE-44D5-9677-39EDB4E0E49C}.Release|Any CPU.Build.0 = Release|Any CPU
	EndGlobalSection
	GlobalSection(SolutionProperties) = preSolution
		HideSolutionNode = FALSE
	EndGlobalSection
	GlobalSection(ExtensibilityGlobals) = postSolution
		SolutionGuid = {8ED0DC9F-A023-487E-814C-2E7655059352}
	EndGlobalSection
EndGlobal
